
Microsoft Visual Studio Solution File, Format Version 12.00
# Visual Studio Version 17
VisualStudioVersion = 17.12.35728.132
MinimumVisualStudioVersion = 10.0.40219.1
Project("{FAE04EC0-301F-11D3-BF4B-00C04F79EFBC}") = "Encrypter2", "Encrypter2\Encrypter2.csproj", "{B3B9C51A-A7A9-4D33-B59C-C2BBB9918CDF}"
EndProject
Project("{FAE04EC0-301F-11D3-BF4B-00C04F79EFBC}") = "Encrypter2Player", "Encrypter2Player\Encrypter2Player.csproj", "{A09F3916-E8F2-45F7-A072-2F465A6E1DC4}"
EndProject
Global
	GlobalSection(SolutionConfigurationPlatforms) = preSolution
		Debug|Any CPU = Debug|Any CPU
		Release|Any CPU = Release|Any CPU
	EndGlobalSection
	GlobalSection(ProjectConfigurationPlatforms) = postSolution
		{B3B9C51A-A7A9-4D33-B59C-C2BBB9918CDF}.Debug|Any CPU.ActiveCfg = Debug|Any CPU
		{B3B9C51A-A7A9-4D33-B59C-C2BBB9918CDF}.Debug|Any CPU.Build.0 = Debug|Any CPU
		{B3B9C51A-A7A9-4D33-B59C-C2BBB9918CDF}.Release|Any CPU.ActiveCfg = Release|Any CPU
		{B3B9C51A-A7A9-4D33-B59C-C2BBB9918CDF}.Release|Any CPU.Build.0 = Release|Any CPU
		{A09F3916-E8F2-45F7-A072-2F465A6E1DC4}.Debug|Any CPU.ActiveCfg = Debug|Any CPU
		{A09F3916-E8F2-45F7-A072-2F465A6E1DC4}.Debug|Any CPU.Build.0 = Debug|Any CPU
		{A09F3916-E8F2-45F7-A072-2F465A6E1DC4}.Release|Any CPU.ActiveCfg = Release|Any CPU
		{A09F3916-E8F2-45F7-A072-2F465A6E1DC4}.Release|Any CPU.Build.0 = Release|Any CPU
	EndGlobalSection
	GlobalSection(SolutionProperties) = preSolution
		HideSolutionNode = FALSE
	EndGlobalSection
EndGlobal
